
Microsoft Visual Studio Solution File, Format Version 12.00
# Visual Studio 14
VisualStudioVersion = 14.0.25420.1
MinimumVisualStudioVersion = 10.0.40219.1
Project("{FAE04EC0-301F-11D3-BF4B-00C04F79EFBC}") = "Sample", "Sample\Sample.csproj", "{77C7EB90-EBB7-48A9-8EB7-263813E6C1DE}"
EndProject
Global
	GlobalSection(SolutionConfigurationPlatforms) = preSolution
		Debug|Any CPU = Debug|Any CPU
		Release|Any CPU = Release|Any CPU
	EndGlobalSection
	GlobalSection(ProjectConfigurationPlatforms) = postSolution
		{77C7EB90-EBB7-48A9-8EB7-263813E6C1DE}.Debug|Any CPU.ActiveCfg = Debug|Any CPU
		{77C7EB90-EBB7-48A9-8EB7-263813E6C1DE}.Debug|Any CPU.Build.0 = Debug|Any CPU
		{77C7EB90-EBB7-48A9-8EB7-263813E6C1DE}.Release|Any CPU.ActiveCfg = Release|Any CPU
		{77C7EB90-EBB7-48A9-8EB7-263813E6C1DE}.Release|Any CPU.Build.0 = Release|Any CPU
	EndGlobalSection
	GlobalSection(SolutionProperties) = preSolution
		HideSolutionNode = FALSE
	EndGlobalSection
EndGlobal
